
Microsoft Visual Studio Solution File, Format Version 12.00
# Visual Studio Version 17
VisualStudioVersion = 17.11.35327.3
MinimumVisualStudioVersion = 10.0.40219.1
Project("{FAE04EC0-301F-11D3-BF4B-00C04F79EFBC}") = "For Loop", "For Loop\For Loop.csproj", "{63AAC689-FC57-4090-8259-6F9ADCE0987E}"
EndProject
Global
	GlobalSection(SolutionConfigurationPlatforms) = preSolution
		Debug|Any CPU = Debug|Any CPU
		Release|Any CPU = Release|Any CPU
	EndGlobalSection
	GlobalSection(ProjectConfigurationPlatforms) = postSolution
		{63AAC689-FC57-4090-8259-6F9ADCE0987E}.Debug|Any CPU.ActiveCfg = Debug|Any CPU
		{63AAC689-FC57-4090-8259-6F9ADCE0987E}.Debug|Any CPU.Build.0 = Debug|Any CPU
		{63AAC689-FC57-4090-8259-6F9ADCE0987E}.Release|Any CPU.ActiveCfg = Release|Any CPU
		{63AAC689-FC57-4090-8259-6F9ADCE0987E}.Release|Any CPU.Build.0 = Release|Any CPU
	EndGlobalSection
	GlobalSection(SolutionProperties) = preSolution
		HideSolutionNode = FALSE
	EndGlobalSection
	GlobalSection(ExtensibilityGlobals) = postSolution
		SolutionGuid = {424E67E2-473C-4252-8C77-E03B82F42D34}
	EndGlobalSection
EndGlobal
